
Microsoft Visual Studio Solution File, Format Version 12.00
# Visual Studio Version 17
VisualStudioVersion = 17.3.32901.215
MinimumVisualStudioVersion = 10.0.40219.1
Project("{FAE04EC0-301F-11D3-BF4B-00C04F79EFBC}") = "Telegram_CLI", "Telegram_CLI.csproj", "{D74C57BA-3701-4ED5-8A13-BA2AC8C8FB46}"
EndProject
Global
	GlobalSection(SolutionConfigurationPlatforms) = preSolution
		Debug|Any CPU = Debug|Any CPU
		Release|Any CPU = Release|Any CPU
	EndGlobalSection
	GlobalSection(ProjectConfigurationPlatforms) = postSolution
		{D74C57BA-3701-4ED5-8A13-BA2AC8C8FB46}.Debug|Any CPU.ActiveCfg = Debug|Any CPU
		{D74C57BA-3701-4ED5-8A13-BA2AC8C8FB46}.Debug|Any CPU.Build.0 = Debug|Any CPU
		{D74C57BA-3701-4ED5-8A13-BA2AC8C8FB46}.Release|Any CPU.ActiveCfg = Release|Any CPU
		{D74C57BA-3701-4ED5-8A13-BA2AC8C8FB46}.Release|Any CPU.Build.0 = Release|Any CPU
	EndGlobalSection
	GlobalSection(SolutionProperties) = preSolution
		HideSolutionNode = FALSE
	EndGlobalSection
	GlobalSection(ExtensibilityGlobals) = postSolution
		SolutionGuid = {50E9E8FA-CCB7-4337-9D6A-FA5DB5514259}
	EndGlobalSection
EndGlobal
